
Microsoft Visual Studio Solution File, Format Version 12.00
# Visual Studio Version 16
VisualStudioVersion = 16.0.30503.244
MinimumVisualStudioVersion = 10.0.40219.1
Project("{FAE04EC0-301F-11D3-BF4B-00C04F79EFBC}") = "DZ_5", "DZ_5.csproj", "{06AFCA00-0DC2-4BD8-AC0D-32E1194C7E61}"
EndProject
Global
	GlobalSection(SolutionConfigurationPlatforms) = preSolution
		Debug|Any CPU = Debug|Any CPU
		Release|Any CPU = Release|Any CPU
	EndGlobalSection
	GlobalSection(ProjectConfigurationPlatforms) = postSolution
		{06AFCA00-0DC2-4BD8-AC0D-32E1194C7E61}.Debug|Any CPU.ActiveCfg = Debug|Any CPU
		{06AFCA00-0DC2-4BD8-AC0D-32E1194C7E61}.Debug|Any CPU.Build.0 = Debug|Any CPU
		{06AFCA00-0DC2-4BD8-AC0D-32E1194C7E61}.Release|Any CPU.ActiveCfg = Release|Any CPU
		{06AFCA00-0DC2-4BD8-AC0D-32E1194C7E61}.Release|Any CPU.Build.0 = Release|Any CPU
	EndGlobalSection
	GlobalSection(SolutionProperties) = preSolution
		HideSolutionNode = FALSE
	EndGlobalSection
	GlobalSection(ExtensibilityGlobals) = postSolution
		SolutionGuid = {DFDD5A14-1D53-494B-BF9E-6D85C3EC5E37}
	EndGlobalSection
EndGlobal
